
Microsoft Visual Studio Solution File, Format Version 12.00
# Visual Studio Version 17
VisualStudioVersion = 17.1.32328.378
MinimumVisualStudioVersion = 10.0.40219.1
Project("{FAE04EC0-301F-11D3-BF4B-00C04F79EFBC}") = "CST352_Assign1_Armando_Santillan", "CST352_Assign1_Armando_Santillan\CST352_Assign1_Armando_Santillan.csproj", "{D1D4B3FD-3BE2-41CE-AD63-4E90C1C4C77E}"
EndProject
Project("{FAE04EC0-301F-11D3-BF4B-00C04F79EFBC}") = "SetupSolutionCounters", "SetupSolutionCounters\SetupSolutionCounters.csproj", "{EA5F64AF-FCAF-4967-BB4B-5F4EA9204007}"
EndProject
Global
	GlobalSection(SolutionConfigurationPlatforms) = preSolution
		Debug|Any CPU = Debug|Any CPU
		Release|Any CPU = Release|Any CPU
	EndGlobalSection
	GlobalSection(ProjectConfigurationPlatforms) = postSolution
		{D1D4B3FD-3BE2-41CE-AD63-4E90C1C4C77E}.Debug|Any CPU.ActiveCfg = Debug|Any CPU
		{D1D4B3FD-3BE2-41CE-AD63-4E90C1C4C77E}.Debug|Any CPU.Build.0 = Debug|Any CPU
		{D1D4B3FD-3BE2-41CE-AD63-4E90C1C4C77E}.Release|Any CPU.ActiveCfg = Release|Any CPU
		{D1D4B3FD-3BE2-41CE-AD63-4E90C1C4C77E}.Release|Any CPU.Build.0 = Release|Any CPU
		{EA5F64AF-FCAF-4967-BB4B-5F4EA9204007}.Debug|Any CPU.ActiveCfg = Debug|Any CPU
		{EA5F64AF-FCAF-4967-BB4B-5F4EA9204007}.Debug|Any CPU.Build.0 = Debug|Any CPU
		{EA5F64AF-FCAF-4967-BB4B-5F4EA9204007}.Release|Any CPU.ActiveCfg = Release|Any CPU
		{EA5F64AF-FCAF-4967-BB4B-5F4EA9204007}.Release|Any CPU.Build.0 = Release|Any CPU
	EndGlobalSection
	GlobalSection(SolutionProperties) = preSolution
		HideSolutionNode = FALSE
	EndGlobalSection
	GlobalSection(ExtensibilityGlobals) = postSolution
		SolutionGuid = {02EB6995-1EEF-4F28-9D98-7035F33302DA}
	EndGlobalSection
EndGlobal
